
Microsoft Visual Studio Solution File, Format Version 12.00
# Visual Studio Version 16
VisualStudioVersion = 16.0.32802.440
MinimumVisualStudioVersion = 10.0.40219.1
Project("{FAE04EC0-301F-11D3-BF4B-00C04F79EFBC}") = "APIGestaoClientes", "APIGestaoClientes\APIGestaoClientes.csproj", "{53ED3A98-4C7D-4AF3-91D3-ADD5373C2623}"
EndProject
Global
	GlobalSection(SolutionConfigurationPlatforms) = preSolution
		Debug|Any CPU = Debug|Any CPU
		Release|Any CPU = Release|Any CPU
	EndGlobalSection
	GlobalSection(ProjectConfigurationPlatforms) = postSolution
		{53ED3A98-4C7D-4AF3-91D3-ADD5373C2623}.Debug|Any CPU.ActiveCfg = Debug|Any CPU
		{53ED3A98-4C7D-4AF3-91D3-ADD5373C2623}.Debug|Any CPU.Build.0 = Debug|Any CPU
		{53ED3A98-4C7D-4AF3-91D3-ADD5373C2623}.Release|Any CPU.ActiveCfg = Release|Any CPU
		{53ED3A98-4C7D-4AF3-91D3-ADD5373C2623}.Release|Any CPU.Build.0 = Release|Any CPU
	EndGlobalSection
	GlobalSection(SolutionProperties) = preSolution
		HideSolutionNode = FALSE
	EndGlobalSection
	GlobalSection(ExtensibilityGlobals) = postSolution
		SolutionGuid = {172C9528-8EF9-4C51-A514-330F25543BEE}
	EndGlobalSection
EndGlobal
