
Microsoft Visual Studio Solution File, Format Version 12.00
# Visual Studio Version 16
VisualStudioVersion = 16.0.32802.440
MinimumVisualStudioVersion = 10.0.40219.1
Project("{9A19103F-16F7-4668-BE54-9A1E7A4F7556}") = "APIGestaoClientes", "APIGestaoClientes\APIGestaoClientes.csproj", "{53ED3A98-4C7D-4AF3-91D3-ADD5373C2623}"
EndProject
Project("{9A19103F-16F7-4668-BE54-9A1E7A4F7556}") = "GestaoClienteUi", "GestaoClienteUi\GestaoClienteUi.csproj", "{5311C713-E0F0-4572-A800-7AFB9D907BEC}"
EndProject
Project("{9A19103F-16F7-4668-BE54-9A1E7A4F7556}") = "GestaoClientes.Models", "GestaoClientes.Models\GestaoClientes.Models.csproj", "{FBA60BAE-D44D-4E0A-996C-08C56E3CAA76}"
EndProject
Project("{9A19103F-16F7-4668-BE54-9A1E7A4F7556}") = "GestaoClientes.Services", "GestaoClientes.Services\GestaoClientes.Services.csproj", "{5E474DB3-EE2D-4ED3-AEF0-922B7114BB3C}"
EndProject
Global
	GlobalSection(SolutionConfigurationPlatforms) = preSolution
		Debug|Any CPU = Debug|Any CPU
		Release|Any CPU = Release|Any CPU
	EndGlobalSection
	GlobalSection(ProjectConfigurationPlatforms) = postSolution
		{53ED3A98-4C7D-4AF3-91D3-ADD5373C2623}.Debug|Any CPU.ActiveCfg = Debug|Any CPU
		{53ED3A98-4C7D-4AF3-91D3-ADD5373C2623}.Debug|Any CPU.Build.0 = Debug|Any CPU
		{53ED3A98-4C7D-4AF3-91D3-ADD5373C2623}.Release|Any CPU.ActiveCfg = Release|Any CPU
		{53ED3A98-4C7D-4AF3-91D3-ADD5373C2623}.Release|Any CPU.Build.0 = Release|Any CPU
		{5311C713-E0F0-4572-A800-7AFB9D907BEC}.Debug|Any CPU.ActiveCfg = Debug|Any CPU
		{5311C713-E0F0-4572-A800-7AFB9D907BEC}.Debug|Any CPU.Build.0 = Debug|Any CPU
		{5311C713-E0F0-4572-A800-7AFB9D907BEC}.Release|Any CPU.ActiveCfg = Release|Any CPU
		{5311C713-E0F0-4572-A800-7AFB9D907BEC}.Release|Any CPU.Build.0 = Release|Any CPU
		{FBA60BAE-D44D-4E0A-996C-08C56E3CAA76}.Debug|Any CPU.ActiveCfg = Debug|Any CPU
		{FBA60BAE-D44D-4E0A-996C-08C56E3CAA76}.Debug|Any CPU.Build.0 = Debug|Any CPU
		{FBA60BAE-D44D-4E0A-996C-08C56E3CAA76}.Release|Any CPU.ActiveCfg = Release|Any CPU
		{FBA60BAE-D44D-4E0A-996C-08C56E3CAA76}.Release|Any CPU.Build.0 = Release|Any CPU
		{5E474DB3-EE2D-4ED3-AEF0-922B7114BB3C}.Debug|Any CPU.ActiveCfg = Debug|Any CPU
		{5E474DB3-EE2D-4ED3-AEF0-922B7114BB3C}.Debug|Any CPU.Build.0 = Debug|Any CPU
		{5E474DB3-EE2D-4ED3-AEF0-922B7114BB3C}.Release|Any CPU.ActiveCfg = Release|Any CPU
		{5E474DB3-EE2D-4ED3-AEF0-922B7114BB3C}.Release|Any CPU.Build.0 = Release|Any CPU
	EndGlobalSection
	GlobalSection(SolutionProperties) = preSolution
		HideSolutionNode = FALSE
	EndGlobalSection
	GlobalSection(ExtensibilityGlobals) = postSolution
		SolutionGuid = {172C9528-8EF9-4C51-A514-330F25543BEE}
	EndGlobalSection
EndGlobal
